
Microsoft Visual Studio Solution File, Format Version 12.00
# Visual Studio Version 17
VisualStudioVersion = 17.8.34330.188
MinimumVisualStudioVersion = 10.0.40219.1
Project("{FAE04EC0-301F-11D3-BF4B-00C04F79EFBC}") = "LinkedListt", "LinkedListt\LinkedListt.csproj", "{4850F6C7-EA23-460B-A149-8A01D59D2D36}"
EndProject
Global
	GlobalSection(SolutionConfigurationPlatforms) = preSolution
		Debug|Any CPU = Debug|Any CPU
		Release|Any CPU = Release|Any CPU
	EndGlobalSection
	GlobalSection(ProjectConfigurationPlatforms) = postSolution
		{4850F6C7-EA23-460B-A149-8A01D59D2D36}.Debug|Any CPU.ActiveCfg = Debug|Any CPU
		{4850F6C7-EA23-460B-A149-8A01D59D2D36}.Debug|Any CPU.Build.0 = Debug|Any CPU
		{4850F6C7-EA23-460B-A149-8A01D59D2D36}.Release|Any CPU.ActiveCfg = Release|Any CPU
		{4850F6C7-EA23-460B-A149-8A01D59D2D36}.Release|Any CPU.Build.0 = Release|Any CPU
	EndGlobalSection
	GlobalSection(SolutionProperties) = preSolution
		HideSolutionNode = FALSE
	EndGlobalSection
	GlobalSection(ExtensibilityGlobals) = postSolution
		SolutionGuid = {46CE40B2-B1AF-4326-AB93-9F08B34E288F}
	EndGlobalSection
EndGlobal
